// !$*UTF8*$!
{
	archiveVersion = 1;
	classes = {
	};
	objectVersion = 46;
	objects = {

/* Begin PBXBuildFile section */
		B6838F181F35F22D00AB0CF7 /* Meme.swift in Sources */ = {isa = PBXBuildFile; fileRef = B6838F171F35F22D00AB0CF7 /* Meme.swift */; };
		B6838F1A1F35F7BB00AB0CF7 /* Impact.ttf in Resources */ = {isa = PBXBuildFile; fileRef = B6838F191F35F7BB00AB0CF7 /* Impact.ttf */; };
		B6838F1C1F39BBAF00AB0CF7 /* MemeCollectionViewController.swift in Sources */ = {isa = PBXBuildFile; fileRef = B6838F1B1F39BBAF00AB0CF7 /* MemeCollectionViewController.swift */; };
		B6C30D701ED47E3F0000D697 /* AppDelegate.swift in Sources */ = {isa = PBXBuildFile; fileRef = B6C30D6F1ED47E3F0000D697 /* AppDelegate.swift */; };
		B6C30D721ED47E3F0000D697 /* MemeEditorViewController.swift in Sources */ = {isa = PBXBuildFile; fileRef = B6C30D711ED47E3F0000D697 /* MemeEditorViewController.swift */; };
		B6C30D751ED47E3F0000D697 /* Main.storyboard in Resources */ = {isa = PBXBuildFile; fileRef = B6C30D731ED47E3F0000D697 /* Main.storyboard */; };
		B6C30D771ED47E3F0000D697 /* Assets.xcassets in Resources */ = {isa = PBXBuildFile; fileRef = B6C30D761ED47E3F0000D697 /* Assets.xcassets */; };
		B6C30D7A1ED47E3F0000D697 /* LaunchScreen.storyboard in Resources */ = {isa = PBXBuildFile; fileRef = B6C30D781ED47E3F0000D697 /* LaunchScreen.storyboard */; };
		B6C30D821ED48B620000D697 /* CustomTextFieldDelegate.swift in Sources */ = {isa = PBXBuildFile; fileRef = B6C30D811ED48B620000D697 /* CustomTextFieldDelegate.swift */; };
/* End PBXBuildFile section */

/* Begin PBXFileReference section */
		B6838F171F35F22D00AB0CF7 /* Meme.swift */ = {isa = PBXFileReference; fileEncoding = 4; lastKnownFileType = sourcecode.swift; path = Meme.swift; sourceTree = "<group>"; };
		B6838F191F35F7BB00AB0CF7 /* Impact.ttf */ = {isa = PBXFileReference; lastKnownFileType = file; path = Impact.ttf; sourceTree = "<group>"; };
		B6838F1B1F39BBAF00AB0CF7 /* MemeCollectionViewController.swift */ = {isa = PBXFileReference; fileEncoding = 4; lastKnownFileType = sourcecode.swift; path = MemeCollectionViewController.swift; sourceTree = "<group>"; };
		B6C30D6C1ED47E3F0000D697 /* MemeMe.app */ = {isa = PBXFileReference; explicitFileType = wrapper.application; includeInIndex = 0; path = MemeMe.app; sourceTree = BUILT_PRODUCTS_DIR; };
		B6C30D6F1ED47E3F0000D697 /* AppDelegate.swift */ = {isa = PBXFileReference; lastKnownFileType = sourcecode.swift; path = AppDelegate.swift; sourceTree = "<group>"; };
		B6C30D711ED47E3F0000D697 /* MemeEditorViewController.swift */ = {isa = PBXFileReference; lastKnownFileType = sourcecode.swift; path = MemeEditorViewController.swift; sourceTree = "<group>"; };
		B6C30D741ED47E3F0000D697 /* Base */ = {isa = PBXFileReference; lastKnownFileType = file.storyboard; name = Base; path = Base.lproj/Main.storyboard; sourceTree = "<group>"; };
		B6C30D761ED47E3F0000D697 /* Assets.xcassets */ = {isa = PBXFileReference; lastKnownFileType = folder.assetcatalog; path = Assets.xcassets; sourceTree = "<group>"; };
		B6C30D791ED47E3F0000D697 /* Base */ = {isa = PBXFileReference; lastKnownFileType = file.storyboard; name = Base; path = Base.lproj/LaunchScreen.storyboard; sourceTree = "<group>"; };
		B6C30D7B1ED47E3F0000D697 /* Info.plist */ = {isa = PBXFileReference; lastKnownFileType = text.plist.xml; path = Info.plist; sourceTree = "<group>"; };
		B6C30D811ED48B620000D697 /* CustomTextFieldDelegate.swift */ = {isa = PBXFileReference; fileEncoding = 4; lastKnownFileType = sourcecode.swift; path = CustomTextFieldDelegate.swift; sourceTree = "<group>"; };
/* End PBXFileReference section */

/* Begin PBXFrameworksBuildPhase section */
		B6C30D691ED47E3F0000D697 /* Frameworks */ = {
			isa = PBXFrameworksBuildPhase;
			buildActionMask = 2147483647;
			files = (
			);
			runOnlyForDeploymentPostprocessing = 0;
		};
/* End PBXFrameworksBuildPhase section */

/* Begin PBXGroup section */
		B6C30D631ED47E3F0000D697 = {
			isa = PBXGroup;
			children = (
				B6C30D6E1ED47E3F0000D697 /* MemeMe */,
				B6C30D6D1ED47E3F0000D697 /* Products */,
			);
			sourceTree = "<group>";
		};
		B6C30D6D1ED47E3F0000D697 /* Products */ = {
			isa = PBXGroup;
			children = (
				B6C30D6C1ED47E3F0000D697 /* MemeMe.app */,
			);
			name = Products;
			sourceTree = "<group>";
		};
		B6C30D6E1ED47E3F0000D697 /* MemeMe */ = {
			isa = PBXGroup;
			children = (
				B6C30D6F1ED47E3F0000D697 /* AppDelegate.swift */,
				B6C30D711ED47E3F0000D697 /* MemeEditorViewController.swift */,
				B6838F1B1F39BBAF00AB0CF7 /* MemeCollectionViewController.swift */,
				B6C30D731ED47E3F0000D697 /* Main.storyboard */,
				B6838F171F35F22D00AB0CF7 /* Meme.swift */,
				B6838F191F35F7BB00AB0CF7 /* Impact.ttf */,
				B6C30D811ED48B620000D697 /* CustomTextFieldDelegate.swift */,
				B6C30D761ED47E3F0000D697 /* Assets.xcassets */,
				B6C30D781ED47E3F0000D697 /* LaunchScreen.storyboard */,
				B6C30D7B1ED47E3F0000D697 /* Info.plist */,
			);
			path = MemeMe;
			sourceTree = "<group>";
		};
/* End PBXGroup section */

/* Begin PBXNativeTarget section */
		B6C30D6B1ED47E3F0000D697 /* MemeMe */ = {
			isa = PBXNativeTarget;
			buildConfigurationList = B6C30D7E1ED47E3F0000D697 /* Build configuration list for PBXNativeTarget "MemeMe" */;
			buildPhases = (
				B6C30D681ED47E3F0000D697 /* Sources */,
				B6C30D691ED47E3F0000D697 /* Frameworks */,
				B6C30D6A1ED47E3F0000D697 /* Resources */,
			);
			buildRules = (
			);
			dependencies = (
			);
			name = MemeMe;
			productName = MemeMe;
			productReference = B6C30D6C1ED47E3F0000D697 /* MemeMe.app */;
			productType = "com.apple.product-type.application";
		};
/* End PBXNativeTarget section */

/* Begin PBXProject section */
		B6C30D641ED47E3F0000D697 /* Project object */ = {
			isa = PBXProject;
			attributes = {
				LastSwiftUpdateCheck = 0830;
				LastUpgradeCheck = 0830;
				ORGANIZATIONNAME = "Alessandro Bellotti";
				TargetAttributes = {
					B6C30D6B1ED47E3F0000D697 = {
						CreatedOnToolsVersion = 8.3.2;
						DevelopmentTeam = J2V8EZ5Q7Z;
						ProvisioningStyle = Automatic;
					};
				};
			};
			buildConfigurationList = B6C30D671ED47E3F0000D697 /* Build configuration list for PBXProject "MemeMe" */;
			compatibilityVersion = "Xcode 3.2";
			developmentRegion = English;
			hasScannedForEncodings = 0;
			knownRegions = (
				en,
				Base,
			);
			mainGroup = B6C30D631ED47E3F0000D697;
			productRefGroup = B6C30D6D1ED47E3F0000D697 /* Products */;
			projectDirPath = "";
			projectRoot = "";
			targets = (
				B6C30D6B1ED47E3F0000D697 /* MemeMe */,
			);
		};
/* End PBXProject section */

/* Begin PBXResourcesBuildPhase section */
		B6C30D6A1ED47E3F0000D697 /* Resources */ = {
			isa = PBXResourcesBuildPhase;
			buildActionMask = 2147483647;
			files = (
				B6838F1A1F35F7BB00AB0CF7 /* Impact.ttf in Resources */,
				B6C30D7A1ED47E3F0000D697 /* LaunchScreen.storyboard in Resources */,
				B6C30D771ED47E3F0000D697 /* Assets.xcassets in Resources */,
				B6C30D751ED47E3F0000D697 /* Main.storyboard in Resources */,
			);
			runOnlyForDeploymentPostprocessing = 0;
		};
/* End PBXResourcesBuildPhase section */

/* Begin PBXSourcesBuildPhase section */
		B6C30D681ED47E3F0000D697 /* Sources */ = {
			isa = PBXSourcesBuildPhase;
			buildActionMask = 2147483647;
			files = (
				B6C30D721ED47E3F0000D697 /* MemeEditorViewController.swift in Sources */,
				B6838F181F35F22D00AB0CF7 /* Meme.swift in Sources */,
				B6838F1C1F39BBAF00AB0CF7 /* MemeCollectionViewController.swift in Sources */,
				B6C30D821ED48B620000D697 /* CustomTextFieldDelegate.swift in Sources */,
				B6C30D701ED47E3F0000D697 /* AppDelegate.swift in Sources */,
			);
			runOnlyForDeploymentPostprocessing = 0;
		};
/* End PBXSourcesBuildPhase section */

/* Begin PBXVariantGroup section */
		B6C30D731ED47E3F0000D697 /* Main.storyboard */ = {
			isa = PBXVariantGroup;
			children = (
				B6C30D741ED47E3F0000D697 /* Base */,
			);
			name = Main.storyboard;
			sourceTree = "<group>";
		};
		B6C30D781ED47E3F0000D697 /* LaunchScreen.storyboard */ = {
			isa = PBXVariantGroup;
			children = (
				B6C30D791ED47E3F0000D697 /* Base */,
			);
			name = LaunchScreen.storyboard;
			sourceTree = "<group>";
		};
/* End PBXVariantGroup section */

/* Begin XCBuildConfiguration section */
		B6C30D7C1ED47E3F0000D697 /* Debug */ = {
			isa = XCBuildConfiguration;
			buildSettings = {
				ALWAYS_SEARCH_USER_PATHS = NO;
				CLANG_ANALYZER_NONNULL = YES;
				CLANG_ANALYZER_NUMBER_OBJECT_CONVERSION = YES_AGGRESSIVE;
				CLANG_CXX_LANGUAGE_STANDARD = "gnu++0x";
				CLANG_CXX_LIBRARY = "libc++";
				CLANG_ENABLE_MODULES = YES;
				CLANG_ENABLE_OBJC_ARC = YES;
				CLANG_WARN_BOOL_CONVERSION = YES;
				CLANG_WARN_CONSTANT_CONVERSION = YES;
				CLANG_WARN_DIRECT_OBJC_ISA_USAGE = YES_ERROR;
				CLANG_WARN_DOCUMENTATION_COMMENTS = YES;
				CLANG_WARN_EMPTY_BODY = YES;
				CLANG_WARN_ENUM_CONVERSION = YES;
				CLANG_WARN_INFINITE_RECURSION = YES;
				CLANG_WARN_INT_CONVERSION = YES;
				CLANG_WARN_OBJC_ROOT_CLASS = YES_ERROR;
				CLANG_WARN_SUSPICIOUS_MOVE = YES;
				CLANG_WARN_UNREACHABLE_CODE = YES;
				CLANG_WARN__DUPLICATE_METHOD_MATCH = YES;
				"CODE_SIGN_IDENTITY[sdk=iphoneos*]" = "iPhone Developer";
				COPY_PHASE_STRIP = NO;
				DEBUG_INFORMATION_FORMAT = dwarf;
				ENABLE_STRICT_OBJC_MSGSEND = YES;
				ENABLE_TESTABILITY = YES;
				GCC_C_LANGUAGE_STANDARD = gnu99;
				GCC_DYNAMIC_NO_PIC = NO;
				GCC_NO_COMMON_BLOCKS = YES;
				GCC_OPTIMIZATION_LEVEL = 0;
				GCC_PREPROCESSOR_DEFINITIONS = (
					"DEBUG=1",
					"$(inherited)",
				);
				GCC_WARN_64_TO_32_BIT_CONVERSION = YES;
				GCC_WARN_ABOUT_RETURN_TYPE = YES_ERROR;
				GCC_WARN_UNDECLARED_SELECTOR = YES;
				GCC_WARN_UNINITIALIZED_AUTOS = YES_AGGRESSIVE;
				GCC_WARN_UNUSED_FUNCTION = YES;
				GCC_WARN_UNUSED_VARIABLE = YES;
				IPHONEOS_DEPLOYMENT_TARGET = 10.3;
				MTL_ENABLE_DEBUG_INFO = YES;
				ONLY_ACTIVE_ARCH = YES;
				SDKROOT = iphoneos;
				SWIFT_ACTIVE_COMPILATION_CONDITIONS = DEBUG;
				SWIFT_OPTIMIZATION_LEVEL = "-Onone";
				TARGETED_DEVICE_FAMILY = "1,2";
			};
			name = Debug;
		};
		B6C30D7D1ED47E3F0000D697 /* Release */ = {
			isa = XCBuildConfiguration;
			buildSettings = {
				ALWAYS_SEARCH_USER_PATHS = NO;
				CLANG_ANALYZER_NONNULL = YES;
				CLANG_ANALYZER_NUMBER_OBJECT_CONVERSION = YES_AGGRESSIVE;
				CLANG_CXX_LANGUAGE_STANDARD = "gnu++0x";
				CLANG_CXX_LIBRARY = "libc++";
				CLANG_ENABLE_MODULES = YES;
				CLANG_ENABLE_OBJC_ARC = YES;
				CLANG_WARN_BOOL_CONVERSION = YES;
				CLANG_WARN_CONSTANT_CONVERSION = YES;
				CLANG_WARN_DIRECT_OBJC_ISA_USAGE = YES_ERROR;
				CLANG_WARN_DOCUMENTATION_COMMENTS = YES;
				CLANG_WARN_EMPTY_BODY = YES;
				CLANG_WARN_ENUM_CONVERSION = YES;
				CLANG_WARN_INFINITE_RECURSION = YES;
				CLANG_WARN_INT_CONVERSION = YES;
				CLANG_WARN_OBJC_ROOT_CLASS = YES_ERROR;
				CLANG_WARN_SUSPICIOUS_MOVE = YES;
				CLANG_WARN_UNREACHABLE_CODE = YES;
				CLANG_WARN__DUPLICATE_METHOD_MATCH = YES;
				"CODE_SIGN_IDENTITY[sdk=iphoneos*]" = "iPhone Developer";
				COPY_PHASE_STRIP = NO;
				DEBUG_INFORMATION_FORMAT = "dwarf-with-dsym";
				ENABLE_NS_ASSERTIONS = NO;
				ENABLE_STRICT_OBJC_MSGSEND = YES;
				GCC_C_LANGUAGE_STANDARD = gnu99;
				GCC_NO_COMMON_BLOCKS = YES;
				GCC_WARN_64_TO_32_BIT_CONVERSION = YES;
				GCC_WARN_ABOUT_RETURN_TYPE = YES_ERROR;
				GCC_WARN_UNDECLARED_SELECTOR = YES;
				GCC_WARN_UNINITIALIZED_AUTOS = YES_AGGRESSIVE;
				GCC_WARN_UNUSED_FUNCTION = YES;
				GCC_WARN_UNUSED_VARIABLE = YES;
				IPHONEOS_DEPLOYMENT_TARGET = 10.3;
				MTL_ENABLE_DEBUG_INFO = NO;
				SDKROOT = iphoneos;
				SWIFT_OPTIMIZATION_LEVEL = "-Owholemodule";
				TARGETED_DEVICE_FAMILY = "1,2";
				VALIDATE_PRODUCT = YES;
			};
			name = Release;
		};
		B6C30D7F1ED47E3F0000D697 /* Debug */ = {
			isa = XCBuildConfiguration;
			buildSettings = {
				ASSETCATALOG_COMPILER_APPICON_NAME = AppIcon;
				DEVELOPMENT_TEAM = J2V8EZ5Q7Z;
				INFOPLIST_FILE = MemeMe/Info.plist;
				LD_RUNPATH_SEARCH_PATHS = "$(inherited) @executable_path/Frameworks";
				PRODUCT_BUNDLE_IDENTIFIER = zukka.dev.MemeMe;
				PRODUCT_NAME = "$(TARGET_NAME)";
				SWIFT_VERSION = 3.0;
			};
			name = Debug;
		};
		B6C30D801ED47E3F0000D697 /* Release */ = {
			isa = XCBuildConfiguration;
			buildSettings = {
				ASSETCATALOG_COMPILER_APPICON_NAME = AppIcon;
				DEVELOPMENT_TEAM = J2V8EZ5Q7Z;
				INFOPLIST_FILE = MemeMe/Info.plist;
				LD_RUNPATH_SEARCH_PATHS = "$(inherited) @executable_path/Frameworks";
				PRODUCT_BUNDLE_IDENTIFIER = zukka.dev.MemeMe;
				PRODUCT_NAME = "$(TARGET_NAME)";
				SWIFT_VERSION = 3.0;
			};
			name = Release;
		};
/* End XCBuildConfiguration section */

/* Begin XCConfigurationList section */
		B6C30D671ED47E3F0000D697 /* Build configuration list for PBXProject "MemeMe" */ = {
			isa = XCConfigurationList;
			buildConfigurations = (
				B6C30D7C1ED47E3F0000D697 /* Debug */,
				B6C30D7D1ED47E3F0000D697 /* Release */,
			);
			defaultConfigurationIsVisible = 0;
			defaultConfigurationName = Release;
		};
		B6C30D7E1ED47E3F0000D697 /* Build configuration list for PBXNativeTarget "MemeMe" */ = {
			isa = XCConfigurationList;
			buildConfigurations = (
				B6C30D7F1ED47E3F0000D697 /* Debug */,
				B6C30D801ED47E3F0000D697 /* Release */,
			);
			defaultConfigurationIsVisible = 0;
			defaultConfigurationName = Release;
		};
/* End XCConfigurationList section */
	};
	rootObject = B6C30D641ED47E3F0000D697 /* Project object */;
}
